
Microsoft Visual Studio Solution File, Format Version 12.00
# Visual Studio 14
VisualStudioVersion = 14.0.23107.0
MinimumVisualStudioVersion = 10.0.40219.1
Project("{FAE04EC0-301F-11D3-BF4B-00C04F79EFBC}") = "TddbcSendai05", "TddbcSendai05\TddbcSendai05.csproj", "{6E050DD4-F869-46DC-A2CB-DBCB42FC84B7}"
EndProject
Project("{FAE04EC0-301F-11D3-BF4B-00C04F79EFBC}") = "TddbcSendai05.Test", "TddbcSendai05.Test\TddbcSendai05.Test.csproj", "{5FAA2A06-8C31-410F-ABDB-392122FA2C62}"
EndProject
Global
	GlobalSection(SolutionConfigurationPlatforms) = preSolution
		Debug|Any CPU = Debug|Any CPU
		Release|Any CPU = Release|Any CPU
	EndGlobalSection
	GlobalSection(ProjectConfigurationPlatforms) = postSolution
		{6E050DD4-F869-46DC-A2CB-DBCB42FC84B7}.Debug|Any CPU.ActiveCfg = Debug|Any CPU
		{6E050DD4-F869-46DC-A2CB-DBCB42FC84B7}.Debug|Any CPU.Build.0 = Debug|Any CPU
		{6E050DD4-F869-46DC-A2CB-DBCB42FC84B7}.Release|Any CPU.ActiveCfg = Release|Any CPU
		{6E050DD4-F869-46DC-A2CB-DBCB42FC84B7}.Release|Any CPU.Build.0 = Release|Any CPU
		{5FAA2A06-8C31-410F-ABDB-392122FA2C62}.Debug|Any CPU.ActiveCfg = Debug|Any CPU
		{5FAA2A06-8C31-410F-ABDB-392122FA2C62}.Debug|Any CPU.Build.0 = Debug|Any CPU
		{5FAA2A06-8C31-410F-ABDB-392122FA2C62}.Release|Any CPU.ActiveCfg = Release|Any CPU
		{5FAA2A06-8C31-410F-ABDB-392122FA2C62}.Release|Any CPU.Build.0 = Release|Any CPU
	EndGlobalSection
	GlobalSection(SolutionProperties) = preSolution
		HideSolutionNode = FALSE
	EndGlobalSection
EndGlobal
